// !$*UTF8*$!
{
	archiveVersion = 1;
	classes = {
	};
	objectVersion = 56;
	objects = {

/* Begin PBXBuildFile section */
		01608F2B2AAA6651001410D1 /* AlbumDetailsViewController.swift in Sources */ = {isa = PBXBuildFile; fileRef = 01608F2A2AAA6651001410D1 /* AlbumDetailsViewController.swift */; };
		01608F322AAA6ACD001410D1 /* CombineMoya in Frameworks */ = {isa = PBXBuildFile; productRef = 01608F312AAA6ACD001410D1 /* CombineMoya */; };
		01608F342AAA6ACD001410D1 /* Moya in Frameworks */ = {isa = PBXBuildFile; productRef = 01608F332AAA6ACD001410D1 /* Moya */; };
		01608F372AAA6B28001410D1 /* CombineCocoa in Frameworks */ = {isa = PBXBuildFile; productRef = 01608F362AAA6B28001410D1 /* CombineCocoa */; };
		01608F3A2AAA6B4B001410D1 /* SDWebImage in Frameworks */ = {isa = PBXBuildFile; productRef = 01608F392AAA6B4B001410D1 /* SDWebImage */; };
		01608F402AAA718F001410D1 /* User.swift in Sources */ = {isa = PBXBuildFile; fileRef = 01608F3F2AAA718F001410D1 /* User.swift */; };
		01608F422AAA7305001410D1 /* Album.swift in Sources */ = {isa = PBXBuildFile; fileRef = 01608F412AAA7305001410D1 /* Album.swift */; };
		01608F442AAA7330001410D1 /* Photo.swift in Sources */ = {isa = PBXBuildFile; fileRef = 01608F432AAA7330001410D1 /* Photo.swift */; };
		01608F482AAA7E13001410D1 /* ProfileViewModel.swift in Sources */ = {isa = PBXBuildFile; fileRef = 01608F472AAA7E13001410D1 /* ProfileViewModel.swift */; };
		01608F4A2AAA8145001410D1 /* JsonPlaceholderAPI.swift in Sources */ = {isa = PBXBuildFile; fileRef = 01608F492AAA8145001410D1 /* JsonPlaceholderAPI.swift */; };
		0192C1282AAA341F00059FDF /* AppDelegate.swift in Sources */ = {isa = PBXBuildFile; fileRef = 0192C1272AAA341F00059FDF /* AppDelegate.swift */; };
		0192C12A2AAA341F00059FDF /* SceneDelegate.swift in Sources */ = {isa = PBXBuildFile; fileRef = 0192C1292AAA341F00059FDF /* SceneDelegate.swift */; };
		0192C12C2AAA341F00059FDF /* ProfileViewController.swift in Sources */ = {isa = PBXBuildFile; fileRef = 0192C12B2AAA341F00059FDF /* ProfileViewController.swift */; };
		0192C12F2AAA341F00059FDF /* Main.storyboard in Resources */ = {isa = PBXBuildFile; fileRef = 0192C12D2AAA341F00059FDF /* Main.storyboard */; };
		0192C1312AAA342100059FDF /* Assets.xcassets in Resources */ = {isa = PBXBuildFile; fileRef = 0192C1302AAA342100059FDF /* Assets.xcassets */; };
		0192C1342AAA342100059FDF /* LaunchScreen.storyboard in Resources */ = {isa = PBXBuildFile; fileRef = 0192C1322AAA342100059FDF /* LaunchScreen.storyboard */; };
/* End PBXBuildFile section */

/* Begin PBXFileReference section */
		01608F2A2AAA6651001410D1 /* AlbumDetailsViewController.swift */ = {isa = PBXFileReference; lastKnownFileType = sourcecode.swift; path = AlbumDetailsViewController.swift; sourceTree = "<group>"; };
		01608F3F2AAA718F001410D1 /* User.swift */ = {isa = PBXFileReference; lastKnownFileType = sourcecode.swift; path = User.swift; sourceTree = "<group>"; };
		01608F412AAA7305001410D1 /* Album.swift */ = {isa = PBXFileReference; lastKnownFileType = sourcecode.swift; path = Album.swift; sourceTree = "<group>"; };
		01608F432AAA7330001410D1 /* Photo.swift */ = {isa = PBXFileReference; lastKnownFileType = sourcecode.swift; path = Photo.swift; sourceTree = "<group>"; };
		01608F472AAA7E13001410D1 /* ProfileViewModel.swift */ = {isa = PBXFileReference; lastKnownFileType = sourcecode.swift; path = ProfileViewModel.swift; sourceTree = "<group>"; };
		01608F492AAA8145001410D1 /* JsonPlaceholderAPI.swift */ = {isa = PBXFileReference; lastKnownFileType = sourcecode.swift; path = JsonPlaceholderAPI.swift; sourceTree = "<group>"; };
		0192C1242AAA341F00059FDF /* Album.app */ = {isa = PBXFileReference; explicitFileType = wrapper.application; includeInIndex = 0; path = Album.app; sourceTree = BUILT_PRODUCTS_DIR; };
		0192C1272AAA341F00059FDF /* AppDelegate.swift */ = {isa = PBXFileReference; lastKnownFileType = sourcecode.swift; path = AppDelegate.swift; sourceTree = "<group>"; };
		0192C1292AAA341F00059FDF /* SceneDelegate.swift */ = {isa = PBXFileReference; lastKnownFileType = sourcecode.swift; path = SceneDelegate.swift; sourceTree = "<group>"; };
		0192C12B2AAA341F00059FDF /* ProfileViewController.swift */ = {isa = PBXFileReference; lastKnownFileType = sourcecode.swift; path = ProfileViewController.swift; sourceTree = "<group>"; };
		0192C12E2AAA341F00059FDF /* Base */ = {isa = PBXFileReference; lastKnownFileType = file.storyboard; name = Base; path = Base.lproj/Main.storyboard; sourceTree = "<group>"; };
		0192C1302AAA342100059FDF /* Assets.xcassets */ = {isa = PBXFileReference; lastKnownFileType = folder.assetcatalog; path = Assets.xcassets; sourceTree = "<group>"; };
		0192C1332AAA342100059FDF /* Base */ = {isa = PBXFileReference; lastKnownFileType = file.storyboard; name = Base; path = Base.lproj/LaunchScreen.storyboard; sourceTree = "<group>"; };
		0192C1352AAA342100059FDF /* Info.plist */ = {isa = PBXFileReference; lastKnownFileType = text.plist.xml; path = Info.plist; sourceTree = "<group>"; };
/* End PBXFileReference section */

/* Begin PBXFrameworksBuildPhase section */
		0192C1212AAA341F00059FDF /* Frameworks */ = {
			isa = PBXFrameworksBuildPhase;
			buildActionMask = 2147483647;
			files = (
				01608F342AAA6ACD001410D1 /* Moya in Frameworks */,
				01608F372AAA6B28001410D1 /* CombineCocoa in Frameworks */,
				01608F3A2AAA6B4B001410D1 /* SDWebImage in Frameworks */,
				01608F322AAA6ACD001410D1 /* CombineMoya in Frameworks */,
			);
			runOnlyForDeploymentPostprocessing = 0;
		};
/* End PBXFrameworksBuildPhase section */

/* Begin PBXGroup section */
		01608F292AAA53BF001410D1 /* AlbumDetails */ = {
			isa = PBXGroup;
			children = (
				01608F2E2AAA6894001410D1 /* View */,
				01608F2F2AAA6898001410D1 /* ViewModel */,
			);
			path = AlbumDetails;
			sourceTree = "<group>";
		};
		01608F2C2AAA687A001410D1 /* View */ = {
			isa = PBXGroup;
			children = (
				0192C12B2AAA341F00059FDF /* ProfileViewController.swift */,
			);
			path = View;
			sourceTree = "<group>";
		};
		01608F2D2AAA6887001410D1 /* ViewModel */ = {
			isa = PBXGroup;
			children = (
				01608F472AAA7E13001410D1 /* ProfileViewModel.swift */,
			);
			path = ViewModel;
			sourceTree = "<group>";
		};
		01608F2E2AAA6894001410D1 /* View */ = {
			isa = PBXGroup;
			children = (
				01608F2A2AAA6651001410D1 /* AlbumDetailsViewController.swift */,
			);
			path = View;
			sourceTree = "<group>";
		};
		01608F2F2AAA6898001410D1 /* ViewModel */ = {
			isa = PBXGroup;
			children = (
			);
			path = ViewModel;
			sourceTree = "<group>";
		};
		01608F3D2AAA7151001410D1 /* Service */ = {
			isa = PBXGroup;
			children = (
				01608F492AAA8145001410D1 /* JsonPlaceholderAPI.swift */,
			);
			path = Service;
			sourceTree = "<group>";
		};
		01608F3E2AAA716C001410D1 /* Models */ = {
			isa = PBXGroup;
			children = (
				01608F3F2AAA718F001410D1 /* User.swift */,
				01608F412AAA7305001410D1 /* Album.swift */,
				01608F432AAA7330001410D1 /* Photo.swift */,
			);
			path = Models;
			sourceTree = "<group>";
		};
		0192C11B2AAA341F00059FDF = {
			isa = PBXGroup;
			children = (
				0192C1262AAA341F00059FDF /* Album */,
				0192C1252AAA341F00059FDF /* Products */,
			);
			sourceTree = "<group>";
		};
		0192C1252AAA341F00059FDF /* Products */ = {
			isa = PBXGroup;
			children = (
				0192C1242AAA341F00059FDF /* Album.app */,
			);
			name = Products;
			sourceTree = "<group>";
		};
		0192C1262AAA341F00059FDF /* Album */ = {
			isa = PBXGroup;
			children = (
				01608F3E2AAA716C001410D1 /* Models */,
				0192C13B2AAA345D00059FDF /* Config */,
				0192C13C2AAA346500059FDF /* Core */,
				01608F3D2AAA7151001410D1 /* Service */,
				0192C13D2AAA346E00059FDF /* Resources */,
				0192C13F2AAA34BC00059FDF /* Scene */,
			);
			path = Album;
			sourceTree = "<group>";
		};
		0192C13B2AAA345D00059FDF /* Config */ = {
			isa = PBXGroup;
			children = (
				0192C1352AAA342100059FDF /* Info.plist */,
			);
			path = Config;
			sourceTree = "<group>";
		};
		0192C13C2AAA346500059FDF /* Core */ = {
			isa = PBXGroup;
			children = (
				0192C1272AAA341F00059FDF /* AppDelegate.swift */,
				0192C1292AAA341F00059FDF /* SceneDelegate.swift */,
			);
			path = Core;
			sourceTree = "<group>";
		};
		0192C13D2AAA346E00059FDF /* Resources */ = {
			isa = PBXGroup;
			children = (
				0192C1302AAA342100059FDF /* Assets.xcassets */,
				0192C12D2AAA341F00059FDF /* Main.storyboard */,
				0192C1322AAA342100059FDF /* LaunchScreen.storyboard */,
			);
			path = Resources;
			sourceTree = "<group>";
		};
		0192C13F2AAA34BC00059FDF /* Scene */ = {
			isa = PBXGroup;
			children = (
				0192C1402AAA34CC00059FDF /* Profile */,
				01608F292AAA53BF001410D1 /* AlbumDetails */,
			);
			path = Scene;
			sourceTree = "<group>";
		};
		0192C1402AAA34CC00059FDF /* Profile */ = {
			isa = PBXGroup;
			children = (
				01608F2C2AAA687A001410D1 /* View */,
				01608F2D2AAA6887001410D1 /* ViewModel */,
			);
			path = Profile;
			sourceTree = "<group>";
		};
/* End PBXGroup section */

/* Begin PBXNativeTarget section */
		0192C1232AAA341F00059FDF /* Album */ = {
			isa = PBXNativeTarget;
			buildConfigurationList = 0192C1382AAA342100059FDF /* Build configuration list for PBXNativeTarget "Album" */;
			buildPhases = (
				0192C1202AAA341F00059FDF /* Sources */,
				0192C1212AAA341F00059FDF /* Frameworks */,
				0192C1222AAA341F00059FDF /* Resources */,
			);
			buildRules = (
			);
			dependencies = (
			);
			name = Album;
			packageProductDependencies = (
				01608F312AAA6ACD001410D1 /* CombineMoya */,
				01608F332AAA6ACD001410D1 /* Moya */,
				01608F362AAA6B28001410D1 /* CombineCocoa */,
				01608F392AAA6B4B001410D1 /* SDWebImage */,
			);
			productName = Album;
			productReference = 0192C1242AAA341F00059FDF /* Album.app */;
			productType = "com.apple.product-type.application";
		};
/* End PBXNativeTarget section */

/* Begin PBXProject section */
		0192C11C2AAA341F00059FDF /* Project object */ = {
			isa = PBXProject;
			attributes = {
				BuildIndependentTargetsInParallel = 1;
				LastSwiftUpdateCheck = 1430;
				LastUpgradeCheck = 1430;
				TargetAttributes = {
					0192C1232AAA341F00059FDF = {
						CreatedOnToolsVersion = 14.3;
					};
				};
			};
			buildConfigurationList = 0192C11F2AAA341F00059FDF /* Build configuration list for PBXProject "Album" */;
			compatibilityVersion = "Xcode 14.0";
			developmentRegion = en;
			hasScannedForEncodings = 0;
			knownRegions = (
				en,
				Base,
			);
			mainGroup = 0192C11B2AAA341F00059FDF;
			packageReferences = (
				01608F302AAA6ACD001410D1 /* XCRemoteSwiftPackageReference "Moya" */,
				01608F352AAA6B28001410D1 /* XCRemoteSwiftPackageReference "CombineCocoa" */,
				01608F382AAA6B4B001410D1 /* XCRemoteSwiftPackageReference "SDWebImage" */,
			);
			productRefGroup = 0192C1252AAA341F00059FDF /* Products */;
			projectDirPath = "";
			projectRoot = "";
			targets = (
				0192C1232AAA341F00059FDF /* Album */,
			);
		};
/* End PBXProject section */

/* Begin PBXResourcesBuildPhase section */
		0192C1222AAA341F00059FDF /* Resources */ = {
			isa = PBXResourcesBuildPhase;
			buildActionMask = 2147483647;
			files = (
				0192C1342AAA342100059FDF /* LaunchScreen.storyboard in Resources */,
				0192C1312AAA342100059FDF /* Assets.xcassets in Resources */,
				0192C12F2AAA341F00059FDF /* Main.storyboard in Resources */,
			);
			runOnlyForDeploymentPostprocessing = 0;
		};
/* End PBXResourcesBuildPhase section */

/* Begin PBXSourcesBuildPhase section */
		0192C1202AAA341F00059FDF /* Sources */ = {
			isa = PBXSourcesBuildPhase;
			buildActionMask = 2147483647;
			files = (
				01608F442AAA7330001410D1 /* Photo.swift in Sources */,
				0192C12C2AAA341F00059FDF /* ProfileViewController.swift in Sources */,
				01608F482AAA7E13001410D1 /* ProfileViewModel.swift in Sources */,
				01608F4A2AAA8145001410D1 /* JsonPlaceholderAPI.swift in Sources */,
				0192C1282AAA341F00059FDF /* AppDelegate.swift in Sources */,
				01608F2B2AAA6651001410D1 /* AlbumDetailsViewController.swift in Sources */,
				01608F402AAA718F001410D1 /* User.swift in Sources */,
				0192C12A2AAA341F00059FDF /* SceneDelegate.swift in Sources */,
				01608F422AAA7305001410D1 /* Album.swift in Sources */,
			);
			runOnlyForDeploymentPostprocessing = 0;
		};
/* End PBXSourcesBuildPhase section */

/* Begin PBXVariantGroup section */
		0192C12D2AAA341F00059FDF /* Main.storyboard */ = {
			isa = PBXVariantGroup;
			children = (
				0192C12E2AAA341F00059FDF /* Base */,
			);
			name = Main.storyboard;
			sourceTree = "<group>";
		};
		0192C1322AAA342100059FDF /* LaunchScreen.storyboard */ = {
			isa = PBXVariantGroup;
			children = (
				0192C1332AAA342100059FDF /* Base */,
			);
			name = LaunchScreen.storyboard;
			sourceTree = "<group>";
		};
/* End PBXVariantGroup section */

/* Begin XCBuildConfiguration section */
		0192C1362AAA342100059FDF /* Debug */ = {
			isa = XCBuildConfiguration;
			buildSettings = {
				ALWAYS_SEARCH_USER_PATHS = NO;
				CLANG_ANALYZER_NONNULL = YES;
				CLANG_ANALYZER_NUMBER_OBJECT_CONVERSION = YES_AGGRESSIVE;
				CLANG_CXX_LANGUAGE_STANDARD = "gnu++20";
				CLANG_ENABLE_MODULES = YES;
				CLANG_ENABLE_OBJC_ARC = YES;
				CLANG_ENABLE_OBJC_WEAK = YES;
				CLANG_WARN_BLOCK_CAPTURE_AUTORELEASING = YES;
				CLANG_WARN_BOOL_CONVERSION = YES;
				CLANG_WARN_COMMA = YES;
				CLANG_WARN_CONSTANT_CONVERSION = YES;
				CLANG_WARN_DEPRECATED_OBJC_IMPLEMENTATIONS = YES;
				CLANG_WARN_DIRECT_OBJC_ISA_USAGE = YES_ERROR;
				CLANG_WARN_DOCUMENTATION_COMMENTS = YES;
				CLANG_WARN_EMPTY_BODY = YES;
				CLANG_WARN_ENUM_CONVERSION = YES;
				CLANG_WARN_INFINITE_RECURSION = YES;
				CLANG_WARN_INT_CONVERSION = YES;
				CLANG_WARN_NON_LITERAL_NULL_CONVERSION = YES;
				CLANG_WARN_OBJC_IMPLICIT_RETAIN_SELF = YES;
				CLANG_WARN_OBJC_LITERAL_CONVERSION = YES;
				CLANG_WARN_OBJC_ROOT_CLASS = YES_ERROR;
				CLANG_WARN_QUOTED_INCLUDE_IN_FRAMEWORK_HEADER = YES;
				CLANG_WARN_RANGE_LOOP_ANALYSIS = YES;
				CLANG_WARN_STRICT_PROTOTYPES = YES;
				CLANG_WARN_SUSPICIOUS_MOVE = YES;
				CLANG_WARN_UNGUARDED_AVAILABILITY = YES_AGGRESSIVE;
				CLANG_WARN_UNREACHABLE_CODE = YES;
				CLANG_WARN__DUPLICATE_METHOD_MATCH = YES;
				COPY_PHASE_STRIP = NO;
				DEBUG_INFORMATION_FORMAT = dwarf;
				ENABLE_STRICT_OBJC_MSGSEND = YES;
				ENABLE_TESTABILITY = YES;
				GCC_C_LANGUAGE_STANDARD = gnu11;
				GCC_DYNAMIC_NO_PIC = NO;
				GCC_NO_COMMON_BLOCKS = YES;
				GCC_OPTIMIZATION_LEVEL = 0;
				GCC_PREPROCESSOR_DEFINITIONS = (
					"DEBUG=1",
					"$(inherited)",
				);
				GCC_WARN_64_TO_32_BIT_CONVERSION = YES;
				GCC_WARN_ABOUT_RETURN_TYPE = YES_ERROR;
				GCC_WARN_UNDECLARED_SELECTOR = YES;
				GCC_WARN_UNINITIALIZED_AUTOS = YES_AGGRESSIVE;
				GCC_WARN_UNUSED_FUNCTION = YES;
				GCC_WARN_UNUSED_VARIABLE = YES;
				IPHONEOS_DEPLOYMENT_TARGET = 16.4;
				MTL_ENABLE_DEBUG_INFO = INCLUDE_SOURCE;
				MTL_FAST_MATH = YES;
				ONLY_ACTIVE_ARCH = YES;
				SDKROOT = iphoneos;
				SWIFT_ACTIVE_COMPILATION_CONDITIONS = DEBUG;
				SWIFT_OPTIMIZATION_LEVEL = "-Onone";
			};
			name = Debug;
		};
		0192C1372AAA342100059FDF /* Release */ = {
			isa = XCBuildConfiguration;
			buildSettings = {
				ALWAYS_SEARCH_USER_PATHS = NO;
				CLANG_ANALYZER_NONNULL = YES;
				CLANG_ANALYZER_NUMBER_OBJECT_CONVERSION = YES_AGGRESSIVE;
				CLANG_CXX_LANGUAGE_STANDARD = "gnu++20";
				CLANG_ENABLE_MODULES = YES;
				CLANG_ENABLE_OBJC_ARC = YES;
				CLANG_ENABLE_OBJC_WEAK = YES;
				CLANG_WARN_BLOCK_CAPTURE_AUTORELEASING = YES;
				CLANG_WARN_BOOL_CONVERSION = YES;
				CLANG_WARN_COMMA = YES;
				CLANG_WARN_CONSTANT_CONVERSION = YES;
				CLANG_WARN_DEPRECATED_OBJC_IMPLEMENTATIONS = YES;
				CLANG_WARN_DIRECT_OBJC_ISA_USAGE = YES_ERROR;
				CLANG_WARN_DOCUMENTATION_COMMENTS = YES;
				CLANG_WARN_EMPTY_BODY = YES;
				CLANG_WARN_ENUM_CONVERSION = YES;
				CLANG_WARN_INFINITE_RECURSION = YES;
				CLANG_WARN_INT_CONVERSION = YES;
				CLANG_WARN_NON_LITERAL_NULL_CONVERSION = YES;
				CLANG_WARN_OBJC_IMPLICIT_RETAIN_SELF = YES;
				CLANG_WARN_OBJC_LITERAL_CONVERSION = YES;
				CLANG_WARN_OBJC_ROOT_CLASS = YES_ERROR;
				CLANG_WARN_QUOTED_INCLUDE_IN_FRAMEWORK_HEADER = YES;
				CLANG_WARN_RANGE_LOOP_ANALYSIS = YES;
				CLANG_WARN_STRICT_PROTOTYPES = YES;
				CLANG_WARN_SUSPICIOUS_MOVE = YES;
				CLANG_WARN_UNGUARDED_AVAILABILITY = YES_AGGRESSIVE;
				CLANG_WARN_UNREACHABLE_CODE = YES;
				CLANG_WARN__DUPLICATE_METHOD_MATCH = YES;
				COPY_PHASE_STRIP = NO;
				DEBUG_INFORMATION_FORMAT = "dwarf-with-dsym";
				ENABLE_NS_ASSERTIONS = NO;
				ENABLE_STRICT_OBJC_MSGSEND = YES;
				GCC_C_LANGUAGE_STANDARD = gnu11;
				GCC_NO_COMMON_BLOCKS = YES;
				GCC_WARN_64_TO_32_BIT_CONVERSION = YES;
				GCC_WARN_ABOUT_RETURN_TYPE = YES_ERROR;
				GCC_WARN_UNDECLARED_SELECTOR = YES;
				GCC_WARN_UNINITIALIZED_AUTOS = YES_AGGRESSIVE;
				GCC_WARN_UNUSED_FUNCTION = YES;
				GCC_WARN_UNUSED_VARIABLE = YES;
				IPHONEOS_DEPLOYMENT_TARGET = 16.4;
				MTL_ENABLE_DEBUG_INFO = NO;
				MTL_FAST_MATH = YES;
				SDKROOT = iphoneos;
				SWIFT_COMPILATION_MODE = wholemodule;
				SWIFT_OPTIMIZATION_LEVEL = "-O";
				VALIDATE_PRODUCT = YES;
			};
			name = Release;
		};
		0192C1392AAA342100059FDF /* Debug */ = {
			isa = XCBuildConfiguration;
			buildSettings = {
				ASSETCATALOG_COMPILER_APPICON_NAME = AppIcon;
				ASSETCATALOG_COMPILER_GLOBAL_ACCENT_COLOR_NAME = AccentColor;
				CODE_SIGN_STYLE = Automatic;
				CURRENT_PROJECT_VERSION = 1;
				DEVELOPMENT_TEAM = R7KL845XH9;
				GENERATE_INFOPLIST_FILE = YES;
				INFOPLIST_FILE = Album/Config/Info.plist;
				INFOPLIST_KEY_UIApplicationSupportsIndirectInputEvents = YES;
				INFOPLIST_KEY_UILaunchStoryboardName = LaunchScreen;
				INFOPLIST_KEY_UIMainStoryboardFile = Main;
				INFOPLIST_KEY_UISupportedInterfaceOrientations_iPad = "UIInterfaceOrientationPortrait UIInterfaceOrientationPortraitUpsideDown UIInterfaceOrientationLandscapeLeft UIInterfaceOrientationLandscapeRight";
				INFOPLIST_KEY_UISupportedInterfaceOrientations_iPhone = "UIInterfaceOrientationPortrait UIInterfaceOrientationLandscapeLeft UIInterfaceOrientationLandscapeRight";
				LD_RUNPATH_SEARCH_PATHS = (
					"$(inherited)",
					"@executable_path/Frameworks",
				);
				MARKETING_VERSION = 1.0;
				PRODUCT_BUNDLE_IDENTIFIER = mohamed.khater.Album;
				PRODUCT_NAME = "$(TARGET_NAME)";
				SWIFT_EMIT_LOC_STRINGS = YES;
				SWIFT_VERSION = 5.0;
				TARGETED_DEVICE_FAMILY = "1,2";
			};
			name = Debug;
		};
		0192C13A2AAA342100059FDF /* Release */ = {
			isa = XCBuildConfiguration;
			buildSettings = {
				ASSETCATALOG_COMPILER_APPICON_NAME = AppIcon;
				ASSETCATALOG_COMPILER_GLOBAL_ACCENT_COLOR_NAME = AccentColor;
				CODE_SIGN_STYLE = Automatic;
				CURRENT_PROJECT_VERSION = 1;
				DEVELOPMENT_TEAM = R7KL845XH9;
				GENERATE_INFOPLIST_FILE = YES;
				INFOPLIST_FILE = Album/Config/Info.plist;
				INFOPLIST_KEY_UIApplicationSupportsIndirectInputEvents = YES;
				INFOPLIST_KEY_UILaunchStoryboardName = LaunchScreen;
				INFOPLIST_KEY_UIMainStoryboardFile = Main;
				INFOPLIST_KEY_UISupportedInterfaceOrientations_iPad = "UIInterfaceOrientationPortrait UIInterfaceOrientationPortraitUpsideDown UIInterfaceOrientationLandscapeLeft UIInterfaceOrientationLandscapeRight";
				INFOPLIST_KEY_UISupportedInterfaceOrientations_iPhone = "UIInterfaceOrientationPortrait UIInterfaceOrientationLandscapeLeft UIInterfaceOrientationLandscapeRight";
				LD_RUNPATH_SEARCH_PATHS = (
					"$(inherited)",
					"@executable_path/Frameworks",
				);
				MARKETING_VERSION = 1.0;
				PRODUCT_BUNDLE_IDENTIFIER = mohamed.khater.Album;
				PRODUCT_NAME = "$(TARGET_NAME)";
				SWIFT_EMIT_LOC_STRINGS = YES;
				SWIFT_VERSION = 5.0;
				TARGETED_DEVICE_FAMILY = "1,2";
			};
			name = Release;
		};
/* End XCBuildConfiguration section */

/* Begin XCConfigurationList section */
		0192C11F2AAA341F00059FDF /* Build configuration list for PBXProject "Album" */ = {
			isa = XCConfigurationList;
			buildConfigurations = (
				0192C1362AAA342100059FDF /* Debug */,
				0192C1372AAA342100059FDF /* Release */,
			);
			defaultConfigurationIsVisible = 0;
			defaultConfigurationName = Release;
		};
		0192C1382AAA342100059FDF /* Build configuration list for PBXNativeTarget "Album" */ = {
			isa = XCConfigurationList;
			buildConfigurations = (
				0192C1392AAA342100059FDF /* Debug */,
				0192C13A2AAA342100059FDF /* Release */,
			);
			defaultConfigurationIsVisible = 0;
			defaultConfigurationName = Release;
		};
/* End XCConfigurationList section */

/* Begin XCRemoteSwiftPackageReference section */
		01608F302AAA6ACD001410D1 /* XCRemoteSwiftPackageReference "Moya" */ = {
			isa = XCRemoteSwiftPackageReference;
			repositoryURL = "https://github.com/Moya/Moya.git";
			requirement = {
				kind = upToNextMajorVersion;
				minimumVersion = 15.0.0;
			};
		};
		01608F352AAA6B28001410D1 /* XCRemoteSwiftPackageReference "CombineCocoa" */ = {
			isa = XCRemoteSwiftPackageReference;
			repositoryURL = "https://github.com/CombineCommunity/CombineCocoa.git";
			requirement = {
				kind = upToNextMajorVersion;
				minimumVersion = 0.4.1;
			};
		};
		01608F382AAA6B4B001410D1 /* XCRemoteSwiftPackageReference "SDWebImage" */ = {
			isa = XCRemoteSwiftPackageReference;
			repositoryURL = "https://github.com/SDWebImage/SDWebImage.git";
			requirement = {
				kind = upToNextMajorVersion;
				minimumVersion = 5.0.0;
			};
		};
/* End XCRemoteSwiftPackageReference section */

/* Begin XCSwiftPackageProductDependency section */
		01608F312AAA6ACD001410D1 /* CombineMoya */ = {
			isa = XCSwiftPackageProductDependency;
			package = 01608F302AAA6ACD001410D1 /* XCRemoteSwiftPackageReference "Moya" */;
			productName = CombineMoya;
		};
		01608F332AAA6ACD001410D1 /* Moya */ = {
			isa = XCSwiftPackageProductDependency;
			package = 01608F302AAA6ACD001410D1 /* XCRemoteSwiftPackageReference "Moya" */;
			productName = Moya;
		};
		01608F362AAA6B28001410D1 /* CombineCocoa */ = {
			isa = XCSwiftPackageProductDependency;
			package = 01608F352AAA6B28001410D1 /* XCRemoteSwiftPackageReference "CombineCocoa" */;
			productName = CombineCocoa;
		};
		01608F392AAA6B4B001410D1 /* SDWebImage */ = {
			isa = XCSwiftPackageProductDependency;
			package = 01608F382AAA6B4B001410D1 /* XCRemoteSwiftPackageReference "SDWebImage" */;
			productName = SDWebImage;
		};
/* End XCSwiftPackageProductDependency section */
	};
	rootObject = 0192C11C2AAA341F00059FDF /* Project object */;
}
